
Microsoft Visual Studio Solution File, Format Version 12.00
# Visual Studio Version 16
VisualStudioVersion = 16.0.30503.244
MinimumVisualStudioVersion = 10.0.40219.1
Project("{9A19103F-16F7-4668-BE54-9A1E7A4F7556}") = "iSy", "iSy\iSy.csproj", "{2196A66E-36B5-484F-BB9B-400D3B23B348}"
EndProject
Project("{9A19103F-16F7-4668-BE54-9A1E7A4F7556}") = "iSy.Shared", "iSy.Shared\iSy.Shared.csproj", "{1B8F219A-7D52-4AB3-BFCF-CE9A5A208D06}"
EndProject
Project("{9A19103F-16F7-4668-BE54-9A1E7A4F7556}") = "Weather", "Weather\Weather.csproj", "{23055BA0-7150-4DE9-9C64-1EC59B836534}"
EndProject
Project("{9A19103F-16F7-4668-BE54-9A1E7A4F7556}") = "EmployeeInfo", "EmployeeInfo\EmployeeInfo.csproj", "{6B4F6BDB-A9A5-46E1-835E-7DDC14480A0E}"
EndProject
Project("{9A19103F-16F7-4668-BE54-9A1E7A4F7556}") = "iSy.Controls", "iSy.Controls\iSy.Controls.csproj", "{6F4114ED-096B-462B-BE3D-D2FDF262BBCD}"
EndProject
Project("{9A19103F-16F7-4668-BE54-9A1E7A4F7556}") = "FlintSoft.Ldap", "FlintSoft.Ldap\FlintSoft.Ldap.csproj", "{4367A585-D727-4C4E-BAA8-86EC6206BC2D}"
EndProject
Project("{9A19103F-16F7-4668-BE54-9A1E7A4F7556}") = "FlintSoft.StartupTasks", "FlintSoft.StartupTasks\FlintSoft.StartupTasks.csproj", "{E2216E1A-003A-49CD-9898-2AE7D3500C20}"
EndProject
Project("{9A19103F-16F7-4668-BE54-9A1E7A4F7556}") = "iSy.Wordpress", "iSy.Wordpress\iSy.Wordpress.csproj", "{62E7638C-A951-4A7B-8BCC-74C0B78494B5}"
EndProject
Project("{9A19103F-16F7-4668-BE54-9A1E7A4F7556}") = "TimeRecordings", "TimeRecordings\TimeRecordings.csproj", "{EB84FCD6-BCF3-404D-A242-74292CE98341}"
EndProject
Project("{9A19103F-16F7-4668-BE54-9A1E7A4F7556}") = "Becom.EDI.PersonalDataExchange", "EDI.PersonalDataExchange\Becom.EDI.PersonalDataExchange.csproj", "{A6761E81-EC0A-4D78-B232-3FA072200802}"
EndProject
Project("{2150E333-8FDC-42A3-9474-1A3956D46DE8}") = "Tests", "Tests", "{FFD6F3DD-B348-4182-8DF4-D96327DCCA28}"
EndProject
Project("{9A19103F-16F7-4668-BE54-9A1E7A4F7556}") = "Becom.EDI.PersonalDataExchange.Tests", "Becom.EDI.PersonalDataExchange.Tests\Becom.EDI.PersonalDataExchange.Tests.csproj", "{9E577E66-5A9F-4DE8-88D0-E833F4CFE8E0}"
EndProject
Project("{9A19103F-16F7-4668-BE54-9A1E7A4F7556}") = "EmployeeData", "EmployeeData\EmployeeData.csproj", "{7ED757B6-0693-4EC0-A3B6-1705AA610793}"
EndProject
Global
	GlobalSection(SolutionConfigurationPlatforms) = preSolution
		Debug|Any CPU = Debug|Any CPU
		Release|Any CPU = Release|Any CPU
	EndGlobalSection
	GlobalSection(ProjectConfigurationPlatforms) = postSolution
		{2196A66E-36B5-484F-BB9B-400D3B23B348}.Debug|Any CPU.ActiveCfg = Debug|Any CPU
		{2196A66E-36B5-484F-BB9B-400D3B23B348}.Debug|Any CPU.Build.0 = Debug|Any CPU
		{2196A66E-36B5-484F-BB9B-400D3B23B348}.Release|Any CPU.ActiveCfg = Release|Any CPU
		{2196A66E-36B5-484F-BB9B-400D3B23B348}.Release|Any CPU.Build.0 = Release|Any CPU
		{1B8F219A-7D52-4AB3-BFCF-CE9A5A208D06}.Debug|Any CPU.ActiveCfg = Debug|Any CPU
		{1B8F219A-7D52-4AB3-BFCF-CE9A5A208D06}.Debug|Any CPU.Build.0 = Debug|Any CPU
		{1B8F219A-7D52-4AB3-BFCF-CE9A5A208D06}.Release|Any CPU.ActiveCfg = Release|Any CPU
		{1B8F219A-7D52-4AB3-BFCF-CE9A5A208D06}.Release|Any CPU.Build.0 = Release|Any CPU
		{23055BA0-7150-4DE9-9C64-1EC59B836534}.Debug|Any CPU.ActiveCfg = Debug|Any CPU
		{23055BA0-7150-4DE9-9C64-1EC59B836534}.Debug|Any CPU.Build.0 = Debug|Any CPU
		{23055BA0-7150-4DE9-9C64-1EC59B836534}.Release|Any CPU.ActiveCfg = Release|Any CPU
		{23055BA0-7150-4DE9-9C64-1EC59B836534}.Release|Any CPU.Build.0 = Release|Any CPU
		{6B4F6BDB-A9A5-46E1-835E-7DDC14480A0E}.Debug|Any CPU.ActiveCfg = Debug|Any CPU
		{6B4F6BDB-A9A5-46E1-835E-7DDC14480A0E}.Debug|Any CPU.Build.0 = Debug|Any CPU
		{6B4F6BDB-A9A5-46E1-835E-7DDC14480A0E}.Release|Any CPU.ActiveCfg = Release|Any CPU
		{6B4F6BDB-A9A5-46E1-835E-7DDC14480A0E}.Release|Any CPU.Build.0 = Release|Any CPU
		{6F4114ED-096B-462B-BE3D-D2FDF262BBCD}.Debug|Any CPU.ActiveCfg = Debug|Any CPU
		{6F4114ED-096B-462B-BE3D-D2FDF262BBCD}.Debug|Any CPU.Build.0 = Debug|Any CPU
		{6F4114ED-096B-462B-BE3D-D2FDF262BBCD}.Release|Any CPU.ActiveCfg = Release|Any CPU
		{6F4114ED-096B-462B-BE3D-D2FDF262BBCD}.Release|Any CPU.Build.0 = Release|Any CPU
		{4367A585-D727-4C4E-BAA8-86EC6206BC2D}.Debug|Any CPU.ActiveCfg = Debug|Any CPU
		{4367A585-D727-4C4E-BAA8-86EC6206BC2D}.Debug|Any CPU.Build.0 = Debug|Any CPU
		{4367A585-D727-4C4E-BAA8-86EC6206BC2D}.Release|Any CPU.ActiveCfg = Release|Any CPU
		{4367A585-D727-4C4E-BAA8-86EC6206BC2D}.Release|Any CPU.Build.0 = Release|Any CPU
		{E2216E1A-003A-49CD-9898-2AE7D3500C20}.Debug|Any CPU.ActiveCfg = Debug|Any CPU
		{E2216E1A-003A-49CD-9898-2AE7D3500C20}.Debug|Any CPU.Build.0 = Debug|Any CPU
		{E2216E1A-003A-49CD-9898-2AE7D3500C20}.Release|Any CPU.ActiveCfg = Release|Any CPU
		{E2216E1A-003A-49CD-9898-2AE7D3500C20}.Release|Any CPU.Build.0 = Release|Any CPU
		{62E7638C-A951-4A7B-8BCC-74C0B78494B5}.Debug|Any CPU.ActiveCfg = Debug|Any CPU
		{62E7638C-A951-4A7B-8BCC-74C0B78494B5}.Debug|Any CPU.Build.0 = Debug|Any CPU
		{62E7638C-A951-4A7B-8BCC-74C0B78494B5}.Release|Any CPU.ActiveCfg = Release|Any CPU
		{62E7638C-A951-4A7B-8BCC-74C0B78494B5}.Release|Any CPU.Build.0 = Release|Any CPU
		{EB84FCD6-BCF3-404D-A242-74292CE98341}.Debug|Any CPU.ActiveCfg = Debug|Any CPU
		{EB84FCD6-BCF3-404D-A242-74292CE98341}.Debug|Any CPU.Build.0 = Debug|Any CPU
		{EB84FCD6-BCF3-404D-A242-74292CE98341}.Release|Any CPU.ActiveCfg = Release|Any CPU
		{EB84FCD6-BCF3-404D-A242-74292CE98341}.Release|Any CPU.Build.0 = Release|Any CPU
		{A6761E81-EC0A-4D78-B232-3FA072200802}.Debug|Any CPU.ActiveCfg = Debug|Any CPU
		{A6761E81-EC0A-4D78-B232-3FA072200802}.Debug|Any CPU.Build.0 = Debug|Any CPU
		{A6761E81-EC0A-4D78-B232-3FA072200802}.Release|Any CPU.ActiveCfg = Release|Any CPU
		{A6761E81-EC0A-4D78-B232-3FA072200802}.Release|Any CPU.Build.0 = Release|Any CPU
		{9E577E66-5A9F-4DE8-88D0-E833F4CFE8E0}.Debug|Any CPU.ActiveCfg = Debug|Any CPU
		{9E577E66-5A9F-4DE8-88D0-E833F4CFE8E0}.Debug|Any CPU.Build.0 = Debug|Any CPU
		{9E577E66-5A9F-4DE8-88D0-E833F4CFE8E0}.Release|Any CPU.ActiveCfg = Release|Any CPU
		{9E577E66-5A9F-4DE8-88D0-E833F4CFE8E0}.Release|Any CPU.Build.0 = Release|Any CPU
		{7ED757B6-0693-4EC0-A3B6-1705AA610793}.Debug|Any CPU.ActiveCfg = Debug|Any CPU
		{7ED757B6-0693-4EC0-A3B6-1705AA610793}.Debug|Any CPU.Build.0 = Debug|Any CPU
		{7ED757B6-0693-4EC0-A3B6-1705AA610793}.Release|Any CPU.ActiveCfg = Release|Any CPU
		{7ED757B6-0693-4EC0-A3B6-1705AA610793}.Release|Any CPU.Build.0 = Release|Any CPU
	EndGlobalSection
	GlobalSection(SolutionProperties) = preSolution
		HideSolutionNode = FALSE
	EndGlobalSection
	GlobalSection(NestedProjects) = preSolution
		{9E577E66-5A9F-4DE8-88D0-E833F4CFE8E0} = {FFD6F3DD-B348-4182-8DF4-D96327DCCA28}
	EndGlobalSection
	GlobalSection(ExtensibilityGlobals) = postSolution
		SolutionGuid = {3BC2224A-730A-4271-B305-D11EB01CC6E3}
	EndGlobalSection
EndGlobal
